// !$*UTF8*$!
{
	archiveVersion = 1;
	classes = {
	};
	objectVersion = 46;
	objects = {

/* Begin PBXBuildFile section */
		275D3ADB1B02811E0013B9A9 /* PSWebSocketBuffer.m in Sources */ = {isa = PBXBuildFile; fileRef = EEE5E33818B37DEC00BAE47A /* PSWebSocketBuffer.m */; };
		275D3ADC1B02811E0013B9A9 /* PSWebSocket.m in Sources */ = {isa = PBXBuildFile; fileRef = EEE5E35218B37DF300BAE47A /* PSWebSocket.m */; };
		275D3ADD1B02811E0013B9A9 /* PSWebSocketUTF8Decoder.m in Sources */ = {isa = PBXBuildFile; fileRef = EEE5E34218B37DEC00BAE47A /* PSWebSocketUTF8Decoder.m */; };
		275D3ADE1B02811E0013B9A9 /* PSWebSocketDeflater.m in Sources */ = {isa = PBXBuildFile; fileRef = EEE5E33C18B37DEC00BAE47A /* PSWebSocketDeflater.m */; };
		275D3ADF1B02811E0013B9A9 /* PSWebSocketDriver.m in Sources */ = {isa = PBXBuildFile; fileRef = EEE5E33418B37DEC00BAE47A /* PSWebSocketDriver.m */; };
		275D3AE01B02811E0013B9A9 /* PSWebSocketInflater.m in Sources */ = {isa = PBXBuildFile; fileRef = EEE5E33A18B37DEC00BAE47A /* PSWebSocketInflater.m */; };
		275D3AE11B02811E0013B9A9 /* PSWebSocketNetworkThread.m in Sources */ = {isa = PBXBuildFile; fileRef = EEE5E34018B37DEC00BAE47A /* PSWebSocketNetworkThread.m */; };
		275D3AE21B02811E0013B9A9 /* PSWebSocketServer.m in Sources */ = {isa = PBXBuildFile; fileRef = EE2A05DA18B5BBEC0066EEA4 /* PSWebSocketServer.m */; };
		275D3AE41B02811E0013B9A9 /* Foundation.framework in Frameworks */ = {isa = PBXBuildFile; fileRef = EEE5E30D18B37DD500BAE47A /* Foundation.framework */; };
		303B28281C1242BE0003795C /* PocketSocket.h in Headers */ = {isa = PBXBuildFile; fileRef = 303B28271C1242BE0003795C /* PocketSocket.h */; settings = {ATTRIBUTES = (Public, ); }; };
		303B283A1C1243720003795C /* PSWebSocket.h in Headers */ = {isa = PBXBuildFile; fileRef = EEE5E35118B37DF300BAE47A /* PSWebSocket.h */; settings = {ATTRIBUTES = (Public, ); }; };
		303B283B1C1243720003795C /* PSWebSocket.m in Sources */ = {isa = PBXBuildFile; fileRef = EEE5E35218B37DF300BAE47A /* PSWebSocket.m */; };
		303B283C1C1243720003795C /* PSWebSocketServer.h in Headers */ = {isa = PBXBuildFile; fileRef = EE2A05D918B5BBEC0066EEA4 /* PSWebSocketServer.h */; settings = {ATTRIBUTES = (Public, ); }; };
		303B283D1C1243720003795C /* PSWebSocketServer.m in Sources */ = {isa = PBXBuildFile; fileRef = EE2A05DA18B5BBEC0066EEA4 /* PSWebSocketServer.m */; };
		303B283E1C1243720003795C /* PSWebSocketDriver.h in Headers */ = {isa = PBXBuildFile; fileRef = EEE5E33318B37DEC00BAE47A /* PSWebSocketDriver.h */; settings = {ATTRIBUTES = (Public, ); }; };
		303B283F1C1243720003795C /* PSWebSocketDriver.m in Sources */ = {isa = PBXBuildFile; fileRef = EEE5E33418B37DEC00BAE47A /* PSWebSocketDriver.m */; };
		303B28401C1243720003795C /* PSWebSocketTypes.h in Headers */ = {isa = PBXBuildFile; fileRef = EEE5E33D18B37DEC00BAE47A /* PSWebSocketTypes.h */; settings = {ATTRIBUTES = (Public, ); }; };
		303B28411C1243720003795C /* PSWebSocketBuffer.h in Headers */ = {isa = PBXBuildFile; fileRef = EEE5E33718B37DEC00BAE47A /* PSWebSocketBuffer.h */; };
		303B28421C1243720003795C /* PSWebSocketBuffer.m in Sources */ = {isa = PBXBuildFile; fileRef = EEE5E33818B37DEC00BAE47A /* PSWebSocketBuffer.m */; };
		303B28431C1243720003795C /* PSWebSocketInflater.h in Headers */ = {isa = PBXBuildFile; fileRef = EEE5E33918B37DEC00BAE47A /* PSWebSocketInflater.h */; };
		303B28441C1243720003795C /* PSWebSocketInflater.m in Sources */ = {isa = PBXBuildFile; fileRef = EEE5E33A18B37DEC00BAE47A /* PSWebSocketInflater.m */; };
		303B28451C1243720003795C /* PSWebSocketDeflater.h in Headers */ = {isa = PBXBuildFile; fileRef = EEE5E33B18B37DEC00BAE47A /* PSWebSocketDeflater.h */; };
		303B28461C1243720003795C /* PSWebSocketDeflater.m in Sources */ = {isa = PBXBuildFile; fileRef = EEE5E33C18B37DEC00BAE47A /* PSWebSocketDeflater.m */; };
		303B28471C1243720003795C /* PSWebSocketInternal.h in Headers */ = {isa = PBXBuildFile; fileRef = EEE5E33E18B37DEC00BAE47A /* PSWebSocketInternal.h */; };
		303B28481C1243720003795C /* PSWebSocketNetworkThread.h in Headers */ = {isa = PBXBuildFile; fileRef = EEE5E33F18B37DEC00BAE47A /* PSWebSocketNetworkThread.h */; };
		303B28491C1243720003795C /* PSWebSocketNetworkThread.m in Sources */ = {isa = PBXBuildFile; fileRef = EEE5E34018B37DEC00BAE47A /* PSWebSocketNetworkThread.m */; };
		303B284A1C1243720003795C /* PSWebSocketUTF8Decoder.h in Headers */ = {isa = PBXBuildFile; fileRef = EEE5E34118B37DEC00BAE47A /* PSWebSocketUTF8Decoder.h */; };
		303B284B1C1243720003795C /* PSWebSocketUTF8Decoder.m in Sources */ = {isa = PBXBuildFile; fileRef = EEE5E34218B37DEC00BAE47A /* PSWebSocketUTF8Decoder.m */; };
		303B284C1C1243720003795C /* PSWebSocket.h in Headers */ = {isa = PBXBuildFile; fileRef = EEE5E35118B37DF300BAE47A /* PSWebSocket.h */; settings = {ATTRIBUTES = (Public, ); }; };
		303B284D1C1243720003795C /* PSWebSocket.m in Sources */ = {isa = PBXBuildFile; fileRef = EEE5E35218B37DF300BAE47A /* PSWebSocket.m */; };
		303B284E1C1243720003795C /* PSWebSocketServer.h in Headers */ = {isa = PBXBuildFile; fileRef = EE2A05D918B5BBEC0066EEA4 /* PSWebSocketServer.h */; settings = {ATTRIBUTES = (Public, ); }; };
		303B284F1C1243720003795C /* PSWebSocketServer.m in Sources */ = {isa = PBXBuildFile; fileRef = EE2A05DA18B5BBEC0066EEA4 /* PSWebSocketServer.m */; };
		303B28501C1243720003795C /* PSWebSocketDriver.h in Headers */ = {isa = PBXBuildFile; fileRef = EEE5E33318B37DEC00BAE47A /* PSWebSocketDriver.h */; settings = {ATTRIBUTES = (Public, ); }; };
		303B28511C1243720003795C /* PSWebSocketDriver.m in Sources */ = {isa = PBXBuildFile; fileRef = EEE5E33418B37DEC00BAE47A /* PSWebSocketDriver.m */; };
		303B28521C1243720003795C /* PSWebSocketTypes.h in Headers */ = {isa = PBXBuildFile; fileRef = EEE5E33D18B37DEC00BAE47A /* PSWebSocketTypes.h */; settings = {ATTRIBUTES = (Public, ); }; };
		303B28531C1243720003795C /* PSWebSocketBuffer.h in Headers */ = {isa = PBXBuildFile; fileRef = EEE5E33718B37DEC00BAE47A /* PSWebSocketBuffer.h */; };
		303B28541C1243720003795C /* PSWebSocketBuffer.m in Sources */ = {isa = PBXBuildFile; fileRef = EEE5E33818B37DEC00BAE47A /* PSWebSocketBuffer.m */; };
		303B28551C1243720003795C /* PSWebSocketInflater.h in Headers */ = {isa = PBXBuildFile; fileRef = EEE5E33918B37DEC00BAE47A /* PSWebSocketInflater.h */; };
		303B28561C1243720003795C /* PSWebSocketInflater.m in Sources */ = {isa = PBXBuildFile; fileRef = EEE5E33A18B37DEC00BAE47A /* PSWebSocketInflater.m */; };
		303B28571C1243720003795C /* PSWebSocketDeflater.h in Headers */ = {isa = PBXBuildFile; fileRef = EEE5E33B18B37DEC00BAE47A /* PSWebSocketDeflater.h */; };
		303B28581C1243720003795C /* PSWebSocketDeflater.m in Sources */ = {isa = PBXBuildFile; fileRef = EEE5E33C18B37DEC00BAE47A /* PSWebSocketDeflater.m */; };
		303B28591C1243720003795C /* PSWebSocketInternal.h in Headers */ = {isa = PBXBuildFile; fileRef = EEE5E33E18B37DEC00BAE47A /* PSWebSocketInternal.h */; };
		303B285A1C1243720003795C /* PSWebSocketNetworkThread.h in Headers */ = {isa = PBXBuildFile; fileRef = EEE5E33F18B37DEC00BAE47A /* PSWebSocketNetworkThread.h */; };
		303B285B1C1243720003795C /* PSWebSocketNetworkThread.m in Sources */ = {isa = PBXBuildFile; fileRef = EEE5E34018B37DEC00BAE47A /* PSWebSocketNetworkThread.m */; };
		303B285C1C1243720003795C /* PSWebSocketUTF8Decoder.h in Headers */ = {isa = PBXBuildFile; fileRef = EEE5E34118B37DEC00BAE47A /* PSWebSocketUTF8Decoder.h */; };
		303B285D1C1243720003795C /* PSWebSocketUTF8Decoder.m in Sources */ = {isa = PBXBuildFile; fileRef = EEE5E34218B37DEC00BAE47A /* PSWebSocketUTF8Decoder.m */; };
		303B28601C1243870003795C /* libz.dylib in Frameworks */ = {isa = PBXBuildFile; fileRef = EEE5E38418B385DE00BAE47A /* libz.dylib */; };
		303B28631C1243870003795C /* libz.dylib in Frameworks */ = {isa = PBXBuildFile; fileRef = EEE5E38418B385DE00BAE47A /* libz.dylib */; };
		303B28641C1243B50003795C /* libcommonCrypto.dylib in Frameworks */ = {isa = PBXBuildFile; fileRef = EE337EC718B4AE2C003F95B9 /* libcommonCrypto.dylib */; };
		303B28651C1243D00003795C /* Security.framework in Frameworks */ = {isa = PBXBuildFile; fileRef = EE337EC918B4AE34003F95B9 /* Security.framework */; };
		303B28661C1243D00003795C /* Security.framework in Frameworks */ = {isa = PBXBuildFile; fileRef = EE337EC918B4AE34003F95B9 /* Security.framework */; };
		30744F571C1247030076A675 /* PocketSocket.h in Headers */ = {isa = PBXBuildFile; fileRef = 303B28341C12433B0003795C /* PocketSocket.h */; settings = {ATTRIBUTES = (Public, ); }; };
		EE2A05DB18B5BBEC0066EEA4 /* PSWebSocketServer.m in Sources */ = {isa = PBXBuildFile; fileRef = EE2A05DA18B5BBEC0066EEA4 /* PSWebSocketServer.m */; };
		EE337EC318B4AE1F003F95B9 /* libz.dylib in Frameworks */ = {isa = PBXBuildFile; fileRef = EEE5E38418B385DE00BAE47A /* libz.dylib */; };
		EE337EC418B4AE23003F95B9 /* Foundation.framework in Frameworks */ = {isa = PBXBuildFile; fileRef = EEE5E30D18B37DD500BAE47A /* Foundation.framework */; };
		EE337EC618B4AE28003F95B9 /* CFNetwork.framework in Frameworks */ = {isa = PBXBuildFile; fileRef = EE337EC518B4AE28003F95B9 /* CFNetwork.framework */; };
		EE337ECA18B4AE34003F95B9 /* Security.framework in Frameworks */ = {isa = PBXBuildFile; fileRef = EE337EC918B4AE34003F95B9 /* Security.framework */; };
		EE337ECC18B4AE46003F95B9 /* libSystem.dylib in Frameworks */ = {isa = PBXBuildFile; fileRef = EE337ECB18B4AE46003F95B9 /* libSystem.dylib */; };
		EEE5E30E18B37DD500BAE47A /* Foundation.framework in Frameworks */ = {isa = PBXBuildFile; fileRef = EEE5E30D18B37DD500BAE47A /* Foundation.framework */; };
		EEE5E34318B37DEC00BAE47A /* PSWebSocketDriver.m in Sources */ = {isa = PBXBuildFile; fileRef = EEE5E33418B37DEC00BAE47A /* PSWebSocketDriver.m */; };
		EEE5E34718B37DEC00BAE47A /* PSWebSocketBuffer.m in Sources */ = {isa = PBXBuildFile; fileRef = EEE5E33818B37DEC00BAE47A /* PSWebSocketBuffer.m */; };
		EEE5E34918B37DEC00BAE47A /* PSWebSocketInflater.m in Sources */ = {isa = PBXBuildFile; fileRef = EEE5E33A18B37DEC00BAE47A /* PSWebSocketInflater.m */; };
		EEE5E34B18B37DEC00BAE47A /* PSWebSocketDeflater.m in Sources */ = {isa = PBXBuildFile; fileRef = EEE5E33C18B37DEC00BAE47A /* PSWebSocketDeflater.m */; };
		EEE5E34D18B37DEC00BAE47A /* PSWebSocketNetworkThread.m in Sources */ = {isa = PBXBuildFile; fileRef = EEE5E34018B37DEC00BAE47A /* PSWebSocketNetworkThread.m */; };
		EEE5E34F18B37DEC00BAE47A /* PSWebSocketUTF8Decoder.m in Sources */ = {isa = PBXBuildFile; fileRef = EEE5E34218B37DEC00BAE47A /* PSWebSocketUTF8Decoder.m */; };
		EEE5E35318B37DF300BAE47A /* PSWebSocket.m in Sources */ = {isa = PBXBuildFile; fileRef = EEE5E35218B37DF300BAE47A /* PSWebSocket.m */; };
		EEE5E36918B37F8700BAE47A /* InfoPlist.strings in Resources */ = {isa = PBXBuildFile; fileRef = EEE5E36718B37F8700BAE47A /* InfoPlist.strings */; };
		EEE5E36B18B37F8700BAE47A /* PSAutobahnClientTests.m in Sources */ = {isa = PBXBuildFile; fileRef = EEE5E36A18B37F8700BAE47A /* PSAutobahnClientTests.m */; };
		EEE5E37418B37FC000BAE47A /* PSAutobahnClientWebSocketOperation.m in Sources */ = {isa = PBXBuildFile; fileRef = EEE5E37318B37FC000BAE47A /* PSAutobahnClientWebSocketOperation.m */; };
		EEE5E37618B380EA00BAE47A /* PSWebSocket.m in Sources */ = {isa = PBXBuildFile; fileRef = EEE5E35218B37DF300BAE47A /* PSWebSocket.m */; };
		EEE5E37718B380F200BAE47A /* PSWebSocketDriver.m in Sources */ = {isa = PBXBuildFile; fileRef = EEE5E33418B37DEC00BAE47A /* PSWebSocketDriver.m */; };
		EEE5E37918B380F200BAE47A /* PSWebSocketBuffer.m in Sources */ = {isa = PBXBuildFile; fileRef = EEE5E33818B37DEC00BAE47A /* PSWebSocketBuffer.m */; };
		EEE5E37A18B380F200BAE47A /* PSWebSocketInflater.m in Sources */ = {isa = PBXBuildFile; fileRef = EEE5E33A18B37DEC00BAE47A /* PSWebSocketInflater.m */; };
		EEE5E37B18B380F200BAE47A /* PSWebSocketDeflater.m in Sources */ = {isa = PBXBuildFile; fileRef = EEE5E33C18B37DEC00BAE47A /* PSWebSocketDeflater.m */; };
		EEE5E37C18B380F200BAE47A /* PSWebSocketNetworkThread.m in Sources */ = {isa = PBXBuildFile; fileRef = EEE5E34018B37DEC00BAE47A /* PSWebSocketNetworkThread.m */; };
		EEE5E37D18B380F200BAE47A /* PSWebSocketUTF8Decoder.m in Sources */ = {isa = PBXBuildFile; fileRef = EEE5E34218B37DEC00BAE47A /* PSWebSocketUTF8Decoder.m */; };
/* End PBXBuildFile section */

/* Begin PBXContainerItemProxy section */
		EEE5E36D18B37F8700BAE47A /* PBXContainerItemProxy */ = {
			isa = PBXContainerItemProxy;
			containerPortal = EEE5E30218B37DD500BAE47A /* Project object */;
			proxyType = 1;
			remoteGlobalIDString = EEE5E30918B37DD500BAE47A;
			remoteInfo = PocketSocket;
		};
/* End PBXContainerItemProxy section */

/* Begin PBXCopyFilesBuildPhase section */
		275D3AE51B02811E0013B9A9 /* CopyFiles */ = {
			isa = PBXCopyFilesBuildPhase;
			buildActionMask = 2147483647;
			dstPath = "include/$(PRODUCT_NAME)";
			dstSubfolderSpec = 16;
			files = (
			);
			runOnlyForDeploymentPostprocessing = 0;
		};
		EEE5E30818B37DD500BAE47A /* CopyFiles */ = {
			isa = PBXCopyFilesBuildPhase;
			buildActionMask = 2147483647;
			dstPath = "include/$(PRODUCT_NAME)";
			dstSubfolderSpec = 16;
			files = (
			);
			runOnlyForDeploymentPostprocessing = 0;
		};
/* End PBXCopyFilesBuildPhase section */

/* Begin PBXFileReference section */
		275D3AE91B02811E0013B9A9 /* libPocketSocket-Mac.a */ = {isa = PBXFileReference; explicitFileType = archive.ar; includeInIndex = 0; path = "libPocketSocket-Mac.a"; sourceTree = BUILT_PRODUCTS_DIR; };
		303B28251C1242BE0003795C /* PocketSocket.framework */ = {isa = PBXFileReference; explicitFileType = wrapper.framework; includeInIndex = 0; path = PocketSocket.framework; sourceTree = BUILT_PRODUCTS_DIR; };
		303B28271C1242BE0003795C /* PocketSocket.h */ = {isa = PBXFileReference; lastKnownFileType = sourcecode.c.h; path = PocketSocket.h; sourceTree = "<group>"; };
		303B28291C1242BE0003795C /* Info.plist */ = {isa = PBXFileReference; lastKnownFileType = text.plist.xml; path = Info.plist; sourceTree = "<group>"; };
		303B28321C12433A0003795C /* PocketSocket.framework */ = {isa = PBXFileReference; explicitFileType = wrapper.framework; includeInIndex = 0; path = PocketSocket.framework; sourceTree = BUILT_PRODUCTS_DIR; };
		303B28341C12433B0003795C /* PocketSocket.h */ = {isa = PBXFileReference; lastKnownFileType = sourcecode.c.h; path = PocketSocket.h; sourceTree = "<group>"; };
		303B28361C12433B0003795C /* Info.plist */ = {isa = PBXFileReference; lastKnownFileType = text.plist.xml; path = Info.plist; sourceTree = "<group>"; };
		EE2A05D918B5BBEC0066EEA4 /* PSWebSocketServer.h */ = {isa = PBXFileReference; fileEncoding = 4; lastKnownFileType = sourcecode.c.h; path = PSWebSocketServer.h; sourceTree = "<group>"; };
		EE2A05DA18B5BBEC0066EEA4 /* PSWebSocketServer.m */ = {isa = PBXFileReference; fileEncoding = 4; lastKnownFileType = sourcecode.c.objc; path = PSWebSocketServer.m; sourceTree = "<group>"; };
		EE337EC518B4AE28003F95B9 /* CFNetwork.framework */ = {isa = PBXFileReference; lastKnownFileType = wrapper.framework; name = CFNetwork.framework; path = System/Library/Frameworks/CFNetwork.framework; sourceTree = SDKROOT; };
		EE337EC718B4AE2C003F95B9 /* libcommonCrypto.dylib */ = {isa = PBXFileReference; lastKnownFileType = "compiled.mach-o.dylib"; name = libcommonCrypto.dylib; path = usr/lib/system/libcommonCrypto.dylib; sourceTree = SDKROOT; };
		EE337EC918B4AE34003F95B9 /* Security.framework */ = {isa = PBXFileReference; lastKnownFileType = wrapper.framework; name = Security.framework; path = System/Library/Frameworks/Security.framework; sourceTree = SDKROOT; };
		EE337ECB18B4AE46003F95B9 /* libSystem.dylib */ = {isa = PBXFileReference; lastKnownFileType = "compiled.mach-o.dylib"; name = libSystem.dylib; path = usr/lib/libSystem.dylib; sourceTree = SDKROOT; };
		EEE5E30A18B37DD500BAE47A /* libPocketSocket.a */ = {isa = PBXFileReference; explicitFileType = archive.ar; includeInIndex = 0; path = libPocketSocket.a; sourceTree = BUILT_PRODUCTS_DIR; };
		EEE5E30D18B37DD500BAE47A /* Foundation.framework */ = {isa = PBXFileReference; lastKnownFileType = wrapper.framework; name = Foundation.framework; path = System/Library/Frameworks/Foundation.framework; sourceTree = SDKROOT; };
		EEE5E31118B37DD500BAE47A /* PocketSocket-Prefix.pch */ = {isa = PBXFileReference; lastKnownFileType = sourcecode.c.h; path = "PocketSocket-Prefix.pch"; sourceTree = "<group>"; };
		EEE5E31B18B37DD600BAE47A /* XCTest.framework */ = {isa = PBXFileReference; lastKnownFileType = wrapper.framework; name = XCTest.framework; path = Library/Frameworks/XCTest.framework; sourceTree = DEVELOPER_DIR; };
		EEE5E31E18B37DD600BAE47A /* UIKit.framework */ = {isa = PBXFileReference; lastKnownFileType = wrapper.framework; name = UIKit.framework; path = Library/Frameworks/UIKit.framework; sourceTree = DEVELOPER_DIR; };
		EEE5E33318B37DEC00BAE47A /* PSWebSocketDriver.h */ = {isa = PBXFileReference; fileEncoding = 4; lastKnownFileType = sourcecode.c.h; path = PSWebSocketDriver.h; sourceTree = "<group>"; };
		EEE5E33418B37DEC00BAE47A /* PSWebSocketDriver.m */ = {isa = PBXFileReference; fileEncoding = 4; lastKnownFileType = sourcecode.c.objc; path = PSWebSocketDriver.m; sourceTree = "<group>"; };
		EEE5E33718B37DEC00BAE47A /* PSWebSocketBuffer.h */ = {isa = PBXFileReference; fileEncoding = 4; lastKnownFileType = sourcecode.c.h; path = PSWebSocketBuffer.h; sourceTree = "<group>"; };
		EEE5E33818B37DEC00BAE47A /* PSWebSocketBuffer.m */ = {isa = PBXFileReference; fileEncoding = 4; lastKnownFileType = sourcecode.c.objc; path = PSWebSocketBuffer.m; sourceTree = "<group>"; };
		EEE5E33918B37DEC00BAE47A /* PSWebSocketInflater.h */ = {isa = PBXFileReference; fileEncoding = 4; lastKnownFileType = sourcecode.c.h; path = PSWebSocketInflater.h; sourceTree = "<group>"; };
		EEE5E33A18B37DEC00BAE47A /* PSWebSocketInflater.m */ = {isa = PBXFileReference; fileEncoding = 4; lastKnownFileType = sourcecode.c.objc; path = PSWebSocketInflater.m; sourceTree = "<group>"; };
		EEE5E33B18B37DEC00BAE47A /* PSWebSocketDeflater.h */ = {isa = PBXFileReference; fileEncoding = 4; lastKnownFileType = sourcecode.c.h; path = PSWebSocketDeflater.h; sourceTree = "<group>"; };
		EEE5E33C18B37DEC00BAE47A /* PSWebSocketDeflater.m */ = {isa = PBXFileReference; fileEncoding = 4; lastKnownFileType = sourcecode.c.objc; path = PSWebSocketDeflater.m; sourceTree = "<group>"; };
		EEE5E33D18B37DEC00BAE47A /* PSWebSocketTypes.h */ = {isa = PBXFileReference; fileEncoding = 4; lastKnownFileType = sourcecode.c.h; path = PSWebSocketTypes.h; sourceTree = "<group>"; };
		EEE5E33E18B37DEC00BAE47A /* PSWebSocketInternal.h */ = {isa = PBXFileReference; fileEncoding = 4; lastKnownFileType = sourcecode.c.h; path = PSWebSocketInternal.h; sourceTree = "<group>"; };
		EEE5E33F18B37DEC00BAE47A /* PSWebSocketNetworkThread.h */ = {isa = PBXFileReference; fileEncoding = 4; lastKnownFileType = sourcecode.c.h; path = PSWebSocketNetworkThread.h; sourceTree = "<group>"; };
		EEE5E34018B37DEC00BAE47A /* PSWebSocketNetworkThread.m */ = {isa = PBXFileReference; fileEncoding = 4; lastKnownFileType = sourcecode.c.objc; path = PSWebSocketNetworkThread.m; sourceTree = "<group>"; };
		EEE5E34118B37DEC00BAE47A /* PSWebSocketUTF8Decoder.h */ = {isa = PBXFileReference; fileEncoding = 4; lastKnownFileType = sourcecode.c.h; path = PSWebSocketUTF8Decoder.h; sourceTree = "<group>"; };
		EEE5E34218B37DEC00BAE47A /* PSWebSocketUTF8Decoder.m */ = {isa = PBXFileReference; fileEncoding = 4; lastKnownFileType = sourcecode.c.objc; path = PSWebSocketUTF8Decoder.m; sourceTree = "<group>"; };
		EEE5E35118B37DF300BAE47A /* PSWebSocket.h */ = {isa = PBXFileReference; fileEncoding = 4; lastKnownFileType = sourcecode.c.h; path = PSWebSocket.h; sourceTree = "<group>"; };
		EEE5E35218B37DF300BAE47A /* PSWebSocket.m */ = {isa = PBXFileReference; fileEncoding = 4; lastKnownFileType = sourcecode.c.objc; path = PSWebSocket.m; sourceTree = "<group>"; };
		EEE5E36018B37F8700BAE47A /* PSAutobahnClientTests.xctest */ = {isa = PBXFileReference; explicitFileType = wrapper.cfbundle; includeInIndex = 0; path = PSAutobahnClientTests.xctest; sourceTree = BUILT_PRODUCTS_DIR; };
		EEE5E36618B37F8700BAE47A /* PSAutobahnClientTests-Info.plist */ = {isa = PBXFileReference; lastKnownFileType = text.plist.xml; path = "PSAutobahnClientTests-Info.plist"; sourceTree = "<group>"; };
		EEE5E36818B37F8700BAE47A /* en */ = {isa = PBXFileReference; lastKnownFileType = text.plist.strings; name = en; path = en.lproj/InfoPlist.strings; sourceTree = "<group>"; };
		EEE5E36A18B37F8700BAE47A /* PSAutobahnClientTests.m */ = {isa = PBXFileReference; lastKnownFileType = sourcecode.c.objc; path = PSAutobahnClientTests.m; sourceTree = "<group>"; };
		EEE5E36C18B37F8700BAE47A /* PSAutobahnClientTests-Prefix.pch */ = {isa = PBXFileReference; lastKnownFileType = sourcecode.c.h; path = "PSAutobahnClientTests-Prefix.pch"; sourceTree = "<group>"; };
		EEE5E37218B37FC000BAE47A /* PSAutobahnClientWebSocketOperation.h */ = {isa = PBXFileReference; fileEncoding = 4; lastKnownFileType = sourcecode.c.h; path = PSAutobahnClientWebSocketOperation.h; sourceTree = "<group>"; };
		EEE5E37318B37FC000BAE47A /* PSAutobahnClientWebSocketOperation.m */ = {isa = PBXFileReference; fileEncoding = 4; lastKnownFileType = sourcecode.c.objc; path = PSAutobahnClientWebSocketOperation.m; sourceTree = "<group>"; };
		EEE5E38418B385DE00BAE47A /* libz.dylib */ = {isa = PBXFileReference; lastKnownFileType = "compiled.mach-o.dylib"; name = libz.dylib; path = usr/lib/libz.dylib; sourceTree = SDKROOT; };
/* End PBXFileReference section */

/* Begin PBXFrameworksBuildPhase section */
		275D3AE31B02811E0013B9A9 /* Frameworks */ = {
			isa = PBXFrameworksBuildPhase;
			buildActionMask = 2147483647;
			files = (
				275D3AE41B02811E0013B9A9 /* Foundation.framework in Frameworks */,
			);
			runOnlyForDeploymentPostprocessing = 0;
		};
		303B28211C1242BE0003795C /* Frameworks */ = {
			isa = PBXFrameworksBuildPhase;
			buildActionMask = 2147483647;
			files = (
				303B28651C1243D00003795C /* Security.framework in Frameworks */,
				303B28601C1243870003795C /* libz.dylib in Frameworks */,
			);
			runOnlyForDeploymentPostprocessing = 0;
		};
		303B282E1C12433A0003795C /* Frameworks */ = {
			isa = PBXFrameworksBuildPhase;
			buildActionMask = 2147483647;
			files = (
				303B28661C1243D00003795C /* Security.framework in Frameworks */,
				303B28631C1243870003795C /* libz.dylib in Frameworks */,
			);
			runOnlyForDeploymentPostprocessing = 0;
		};
		EEE5E30718B37DD500BAE47A /* Frameworks */ = {
			isa = PBXFrameworksBuildPhase;
			buildActionMask = 2147483647;
			files = (
				EEE5E30E18B37DD500BAE47A /* Foundation.framework in Frameworks */,
			);
			runOnlyForDeploymentPostprocessing = 0;
		};
		EEE5E35D18B37F8700BAE47A /* Frameworks */ = {
			isa = PBXFrameworksBuildPhase;
			buildActionMask = 2147483647;
			files = (
				EE337ECC18B4AE46003F95B9 /* libSystem.dylib in Frameworks */,
				EE337ECA18B4AE34003F95B9 /* Security.framework in Frameworks */,
				303B28641C1243B50003795C /* libcommonCrypto.dylib in Frameworks */,
				EE337EC618B4AE28003F95B9 /* CFNetwork.framework in Frameworks */,
				EE337EC418B4AE23003F95B9 /* Foundation.framework in Frameworks */,
				EE337EC318B4AE1F003F95B9 /* libz.dylib in Frameworks */,
			);
			runOnlyForDeploymentPostprocessing = 0;
		};
/* End PBXFrameworksBuildPhase section */

/* Begin PBXGroup section */
		303B28261C1242BE0003795C /* PocketSocket-iOS */ = {
			isa = PBXGroup;
			children = (
				303B28271C1242BE0003795C /* PocketSocket.h */,
				303B28291C1242BE0003795C /* Info.plist */,
			);
			path = "PocketSocket-iOS";
			sourceTree = "<group>";
		};
		303B28331C12433B0003795C /* PocketSocket-tvOS */ = {
			isa = PBXGroup;
			children = (
				303B28341C12433B0003795C /* PocketSocket.h */,
				303B28361C12433B0003795C /* Info.plist */,
			);
			path = "PocketSocket-tvOS";
			sourceTree = "<group>";
		};
		EEE5E30118B37DD500BAE47A = {
			isa = PBXGroup;
			children = (
				EEE5E30F18B37DD500BAE47A /* PocketSocket */,
				EEE5E36418B37F8700BAE47A /* PSAutobahnClientTests */,
				303B28261C1242BE0003795C /* PocketSocket-iOS */,
				303B28331C12433B0003795C /* PocketSocket-tvOS */,
				EEE5E30C18B37DD500BAE47A /* Frameworks */,
				EEE5E30B18B37DD500BAE47A /* Products */,
			);
			sourceTree = "<group>";
		};
		EEE5E30B18B37DD500BAE47A /* Products */ = {
			isa = PBXGroup;
			children = (
				EEE5E30A18B37DD500BAE47A /* libPocketSocket.a */,
				EEE5E36018B37F8700BAE47A /* PSAutobahnClientTests.xctest */,
				275D3AE91B02811E0013B9A9 /* libPocketSocket-Mac.a */,
				303B28251C1242BE0003795C /* PocketSocket.framework */,
				303B28321C12433A0003795C /* PocketSocket.framework */,
			);
			name = Products;
			sourceTree = "<group>";
		};
		EEE5E30C18B37DD500BAE47A /* Frameworks */ = {
			isa = PBXGroup;
			children = (
				EE337ECB18B4AE46003F95B9 /* libSystem.dylib */,
				EE337EC918B4AE34003F95B9 /* Security.framework */,
				EE337EC718B4AE2C003F95B9 /* libcommonCrypto.dylib */,
				EE337EC518B4AE28003F95B9 /* CFNetwork.framework */,
				EEE5E38418B385DE00BAE47A /* libz.dylib */,
				EEE5E30D18B37DD500BAE47A /* Foundation.framework */,
				EEE5E31B18B37DD600BAE47A /* XCTest.framework */,
				EEE5E31E18B37DD600BAE47A /* UIKit.framework */,
			);
			name = Frameworks;
			sourceTree = "<group>";
		};
		EEE5E30F18B37DD500BAE47A /* PocketSocket */ = {
			isa = PBXGroup;
			children = (
				EEE5E35118B37DF300BAE47A /* PSWebSocket.h */,
				EEE5E35218B37DF300BAE47A /* PSWebSocket.m */,
				EE2A05D918B5BBEC0066EEA4 /* PSWebSocketServer.h */,
				EE2A05DA18B5BBEC0066EEA4 /* PSWebSocketServer.m */,
				EEE5E33318B37DEC00BAE47A /* PSWebSocketDriver.h */,
				EEE5E33418B37DEC00BAE47A /* PSWebSocketDriver.m */,
				EEE5E33D18B37DEC00BAE47A /* PSWebSocketTypes.h */,
				EEE5E35518B37DFC00BAE47A /* Internal */,
				EEE5E31018B37DD500BAE47A /* Supporting Files */,
			);
			path = PocketSocket;
			sourceTree = "<group>";
		};
		EEE5E31018B37DD500BAE47A /* Supporting Files */ = {
			isa = PBXGroup;
			children = (
				EEE5E31118B37DD500BAE47A /* PocketSocket-Prefix.pch */,
			);
			name = "Supporting Files";
			sourceTree = "<group>";
		};
		EEE5E35518B37DFC00BAE47A /* Internal */ = {
			isa = PBXGroup;
			children = (
				EEE5E33718B37DEC00BAE47A /* PSWebSocketBuffer.h */,
				EEE5E33818B37DEC00BAE47A /* PSWebSocketBuffer.m */,
				EEE5E33918B37DEC00BAE47A /* PSWebSocketInflater.h */,
				EEE5E33A18B37DEC00BAE47A /* PSWebSocketInflater.m */,
				EEE5E33B18B37DEC00BAE47A /* PSWebSocketDeflater.h */,
				EEE5E33C18B37DEC00BAE47A /* PSWebSocketDeflater.m */,
				EEE5E33E18B37DEC00BAE47A /* PSWebSocketInternal.h */,
				EEE5E33F18B37DEC00BAE47A /* PSWebSocketNetworkThread.h */,
				EEE5E34018B37DEC00BAE47A /* PSWebSocketNetworkThread.m */,
				EEE5E34118B37DEC00BAE47A /* PSWebSocketUTF8Decoder.h */,
				EEE5E34218B37DEC00BAE47A /* PSWebSocketUTF8Decoder.m */,
			);
			name = Internal;
			sourceTree = "<group>";
		};
		EEE5E36418B37F8700BAE47A /* PSAutobahnClientTests */ = {
			isa = PBXGroup;
			children = (
				EEE5E36A18B37F8700BAE47A /* PSAutobahnClientTests.m */,
				EEE5E37218B37FC000BAE47A /* PSAutobahnClientWebSocketOperation.h */,
				EEE5E37318B37FC000BAE47A /* PSAutobahnClientWebSocketOperation.m */,
				EEE5E36518B37F8700BAE47A /* Supporting Files */,
			);
			path = PSAutobahnClientTests;
			sourceTree = "<group>";
		};
		EEE5E36518B37F8700BAE47A /* Supporting Files */ = {
			isa = PBXGroup;
			children = (
				EEE5E36618B37F8700BAE47A /* PSAutobahnClientTests-Info.plist */,
				EEE5E36718B37F8700BAE47A /* InfoPlist.strings */,
				EEE5E36C18B37F8700BAE47A /* PSAutobahnClientTests-Prefix.pch */,
			);
			name = "Supporting Files";
			sourceTree = "<group>";
		};
/* End PBXGroup section */

/* Begin PBXHeadersBuildPhase section */
		303B28221C1242BE0003795C /* Headers */ = {
			isa = PBXHeadersBuildPhase;
			buildActionMask = 2147483647;
			files = (
				303B28471C1243720003795C /* PSWebSocketInternal.h in Headers */,
				303B284A1C1243720003795C /* PSWebSocketUTF8Decoder.h in Headers */,
				303B28281C1242BE0003795C /* PocketSocket.h in Headers */,
				303B28411C1243720003795C /* PSWebSocketBuffer.h in Headers */,
				303B28431C1243720003795C /* PSWebSocketInflater.h in Headers */,
				303B283A1C1243720003795C /* PSWebSocket.h in Headers */,
				303B283E1C1243720003795C /* PSWebSocketDriver.h in Headers */,
				303B28481C1243720003795C /* PSWebSocketNetworkThread.h in Headers */,
				303B28451C1243720003795C /* PSWebSocketDeflater.h in Headers */,
				303B283C1C1243720003795C /* PSWebSocketServer.h in Headers */,
				303B28401C1243720003795C /* PSWebSocketTypes.h in Headers */,
			);
			runOnlyForDeploymentPostprocessing = 0;
		};
		303B282F1C12433A0003795C /* Headers */ = {
			isa = PBXHeadersBuildPhase;
			buildActionMask = 2147483647;
			files = (
				303B284E1C1243720003795C /* PSWebSocketServer.h in Headers */,
				30744F571C1247030076A675 /* PocketSocket.h in Headers */,
				303B28571C1243720003795C /* PSWebSocketDeflater.h in Headers */,
				303B28591C1243720003795C /* PSWebSocketInternal.h in Headers */,
				303B28501C1243720003795C /* PSWebSocketDriver.h in Headers */,
				303B28551C1243720003795C /* PSWebSocketInflater.h in Headers */,
				303B285C1C1243720003795C /* PSWebSocketUTF8Decoder.h in Headers */,
				303B284C1C1243720003795C /* PSWebSocket.h in Headers */,
				303B28531C1243720003795C /* PSWebSocketBuffer.h in Headers */,
				303B285A1C1243720003795C /* PSWebSocketNetworkThread.h in Headers */,
				303B28521C1243720003795C /* PSWebSocketTypes.h in Headers */,
			);
			runOnlyForDeploymentPostprocessing = 0;
		};
/* End PBXHeadersBuildPhase section */

/* Begin PBXNativeTarget section */
		275D3AD91B02811E0013B9A9 /* PocketSocket-Mac */ = {
			isa = PBXNativeTarget;
			buildConfigurationList = 275D3AE61B02811E0013B9A9 /* Build configuration list for PBXNativeTarget "PocketSocket-Mac" */;
			buildPhases = (
				275D3ADA1B02811E0013B9A9 /* Sources */,
				275D3AE31B02811E0013B9A9 /* Frameworks */,
				275D3AE51B02811E0013B9A9 /* CopyFiles */,
			);
			buildRules = (
			);
			dependencies = (
			);
			name = "PocketSocket-Mac";
			productName = PocketSocket;
			productReference = 275D3AE91B02811E0013B9A9 /* libPocketSocket-Mac.a */;
			productType = "com.apple.product-type.library.static";
		};
		303B28241C1242BE0003795C /* PocketSocket-iOS */ = {
			isa = PBXNativeTarget;
			buildConfigurationList = 303B282C1C1242BE0003795C /* Build configuration list for PBXNativeTarget "PocketSocket-iOS" */;
			buildPhases = (
				303B28201C1242BE0003795C /* Sources */,
				303B28211C1242BE0003795C /* Frameworks */,
				303B28221C1242BE0003795C /* Headers */,
				303B28231C1242BE0003795C /* Resources */,
			);
			buildRules = (
			);
			dependencies = (
			);
			name = "PocketSocket-iOS";
			productName = "PocketSocket-iOS";
			productReference = 303B28251C1242BE0003795C /* PocketSocket.framework */;
			productType = "com.apple.product-type.framework";
		};
		303B28311C12433A0003795C /* PocketSocket-tvOS */ = {
			isa = PBXNativeTarget;
			buildConfigurationList = 303B28371C12433B0003795C /* Build configuration list for PBXNativeTarget "PocketSocket-tvOS" */;
			buildPhases = (
				303B282D1C12433A0003795C /* Sources */,
				303B282E1C12433A0003795C /* Frameworks */,
				303B282F1C12433A0003795C /* Headers */,
				303B28301C12433A0003795C /* Resources */,
			);
			buildRules = (
			);
			dependencies = (
			);
			name = "PocketSocket-tvOS";
			productName = "PocketSocket-tvOS";
			productReference = 303B28321C12433A0003795C /* PocketSocket.framework */;
			productType = "com.apple.product-type.framework";
		};
		EEE5E30918B37DD500BAE47A /* PocketSocket */ = {
			isa = PBXNativeTarget;
			buildConfigurationList = EEE5E32D18B37DD600BAE47A /* Build configuration list for PBXNativeTarget "PocketSocket" */;
			buildPhases = (
				EEE5E30618B37DD500BAE47A /* Sources */,
				EEE5E30718B37DD500BAE47A /* Frameworks */,
				EEE5E30818B37DD500BAE47A /* CopyFiles */,
			);
			buildRules = (
			);
			dependencies = (
			);
			name = PocketSocket;
			productName = PocketSocket;
			productReference = EEE5E30A18B37DD500BAE47A /* libPocketSocket.a */;
			productType = "com.apple.product-type.library.static";
		};
		EEE5E35F18B37F8700BAE47A /* PSAutobahnClientTests */ = {
			isa = PBXNativeTarget;
			buildConfigurationList = EEE5E36F18B37F8700BAE47A /* Build configuration list for PBXNativeTarget "PSAutobahnClientTests" */;
			buildPhases = (
				EEE5E35C18B37F8700BAE47A /* Sources */,
				EEE5E35D18B37F8700BAE47A /* Frameworks */,
				EEE5E35E18B37F8700BAE47A /* Resources */,
			);
			buildRules = (
			);
			dependencies = (
				EEE5E36E18B37F8700BAE47A /* PBXTargetDependency */,
			);
			name = PSAutobahnClientTests;
			productName = PSAutobahnTests;
			productReference = EEE5E36018B37F8700BAE47A /* PSAutobahnClientTests.xctest */;
			productType = "com.apple.product-type.bundle.unit-test";
		};
/* End PBXNativeTarget section */

/* Begin PBXProject section */
		EEE5E30218B37DD500BAE47A /* Project object */ = {
			isa = PBXProject;
			attributes = {
				LastUpgradeCheck = 0710;
				ORGANIZATIONNAME = "Zwopple Limited";
				TargetAttributes = {
					303B28241C1242BE0003795C = {
						CreatedOnToolsVersion = 7.1.1;
					};
					303B28311C12433A0003795C = {
						CreatedOnToolsVersion = 7.1.1;
					};
					EEE5E35F18B37F8700BAE47A = {
						TestTargetID = EEE5E30918B37DD500BAE47A;
					};
				};
			};
			buildConfigurationList = EEE5E30518B37DD500BAE47A /* Build configuration list for PBXProject "PocketSocket" */;
			compatibilityVersion = "Xcode 3.2";
			developmentRegion = English;
			hasScannedForEncodings = 0;
			knownRegions = (
				en,
			);
			mainGroup = EEE5E30118B37DD500BAE47A;
			productRefGroup = EEE5E30B18B37DD500BAE47A /* Products */;
			projectDirPath = "";
			projectRoot = "";
			targets = (
				EEE5E30918B37DD500BAE47A /* PocketSocket */,
				275D3AD91B02811E0013B9A9 /* PocketSocket-Mac */,
				EEE5E35F18B37F8700BAE47A /* PSAutobahnClientTests */,
				303B28241C1242BE0003795C /* PocketSocket-iOS */,
				303B28311C12433A0003795C /* PocketSocket-tvOS */,
			);
		};
/* End PBXProject section */

/* Begin PBXResourcesBuildPhase section */
		303B28231C1242BE0003795C /* Resources */ = {
			isa = PBXResourcesBuildPhase;
			buildActionMask = 2147483647;
			files = (
			);
			runOnlyForDeploymentPostprocessing = 0;
		};
		303B28301C12433A0003795C /* Resources */ = {
			isa = PBXResourcesBuildPhase;
			buildActionMask = 2147483647;
			files = (
			);
			runOnlyForDeploymentPostprocessing = 0;
		};
		EEE5E35E18B37F8700BAE47A /* Resources */ = {
			isa = PBXResourcesBuildPhase;
			buildActionMask = 2147483647;
			files = (
				EEE5E36918B37F8700BAE47A /* InfoPlist.strings in Resources */,
			);
			runOnlyForDeploymentPostprocessing = 0;
		};
/* End PBXResourcesBuildPhase section */

/* Begin PBXSourcesBuildPhase section */
		275D3ADA1B02811E0013B9A9 /* Sources */ = {
			isa = PBXSourcesBuildPhase;
			buildActionMask = 2147483647;
			files = (
				275D3ADB1B02811E0013B9A9 /* PSWebSocketBuffer.m in Sources */,
				275D3ADC1B02811E0013B9A9 /* PSWebSocket.m in Sources */,
				275D3ADD1B02811E0013B9A9 /* PSWebSocketUTF8Decoder.m in Sources */,
				275D3ADE1B02811E0013B9A9 /* PSWebSocketDeflater.m in Sources */,
				275D3ADF1B02811E0013B9A9 /* PSWebSocketDriver.m in Sources */,
				275D3AE01B02811E0013B9A9 /* PSWebSocketInflater.m in Sources */,
				275D3AE11B02811E0013B9A9 /* PSWebSocketNetworkThread.m in Sources */,
				275D3AE21B02811E0013B9A9 /* PSWebSocketServer.m in Sources */,
			);
			runOnlyForDeploymentPostprocessing = 0;
		};
		303B28201C1242BE0003795C /* Sources */ = {
			isa = PBXSourcesBuildPhase;
			buildActionMask = 2147483647;
			files = (
				303B28491C1243720003795C /* PSWebSocketNetworkThread.m in Sources */,
				303B283B1C1243720003795C /* PSWebSocket.m in Sources */,
				303B284B1C1243720003795C /* PSWebSocketUTF8Decoder.m in Sources */,
				303B28441C1243720003795C /* PSWebSocketInflater.m in Sources */,
				303B283F1C1243720003795C /* PSWebSocketDriver.m in Sources */,
				303B28421C1243720003795C /* PSWebSocketBuffer.m in Sources */,
				303B283D1C1243720003795C /* PSWebSocketServer.m in Sources */,
				303B28461C1243720003795C /* PSWebSocketDeflater.m in Sources */,
			);
			runOnlyForDeploymentPostprocessing = 0;
		};
		303B282D1C12433A0003795C /* Sources */ = {
			isa = PBXSourcesBuildPhase;
			buildActionMask = 2147483647;
			files = (
				303B285B1C1243720003795C /* PSWebSocketNetworkThread.m in Sources */,
				303B284D1C1243720003795C /* PSWebSocket.m in Sources */,
				303B285D1C1243720003795C /* PSWebSocketUTF8Decoder.m in Sources */,
				303B28561C1243720003795C /* PSWebSocketInflater.m in Sources */,
				303B28511C1243720003795C /* PSWebSocketDriver.m in Sources */,
				303B28541C1243720003795C /* PSWebSocketBuffer.m in Sources */,
				303B284F1C1243720003795C /* PSWebSocketServer.m in Sources */,
				303B28581C1243720003795C /* PSWebSocketDeflater.m in Sources */,
			);
			runOnlyForDeploymentPostprocessing = 0;
		};
		EEE5E30618B37DD500BAE47A /* Sources */ = {
			isa = PBXSourcesBuildPhase;
			buildActionMask = 2147483647;
			files = (
				EEE5E34718B37DEC00BAE47A /* PSWebSocketBuffer.m in Sources */,
				EEE5E35318B37DF300BAE47A /* PSWebSocket.m in Sources */,
				EEE5E34F18B37DEC00BAE47A /* PSWebSocketUTF8Decoder.m in Sources */,
				EEE5E34B18B37DEC00BAE47A /* PSWebSocketDeflater.m in Sources */,
				EEE5E34318B37DEC00BAE47A /* PSWebSocketDriver.m in Sources */,
				EEE5E34918B37DEC00BAE47A /* PSWebSocketInflater.m in Sources */,
				EEE5E34D18B37DEC00BAE47A /* PSWebSocketNetworkThread.m in Sources */,
				EE2A05DB18B5BBEC0066EEA4 /* PSWebSocketServer.m in Sources */,
			);
			runOnlyForDeploymentPostprocessing = 0;
		};
		EEE5E35C18B37F8700BAE47A /* Sources */ = {
			isa = PBXSourcesBuildPhase;
			buildActionMask = 2147483647;
			files = (
				EEE5E37D18B380F200BAE47A /* PSWebSocketUTF8Decoder.m in Sources */,
				EEE5E37918B380F200BAE47A /* PSWebSocketBuffer.m in Sources */,
				EEE5E37B18B380F200BAE47A /* PSWebSocketDeflater.m in Sources */,
				EEE5E37718B380F200BAE47A /* PSWebSocketDriver.m in Sources */,
				EEE5E37418B37FC000BAE47A /* PSAutobahnClientWebSocketOperation.m in Sources */,
				EEE5E37C18B380F200BAE47A /* PSWebSocketNetworkThread.m in Sources */,
				EEE5E37A18B380F200BAE47A /* PSWebSocketInflater.m in Sources */,
				EEE5E37618B380EA00BAE47A /* PSWebSocket.m in Sources */,
				EEE5E36B18B37F8700BAE47A /* PSAutobahnClientTests.m in Sources */,
			);
			runOnlyForDeploymentPostprocessing = 0;
		};
/* End PBXSourcesBuildPhase section */

/* Begin PBXTargetDependency section */
		EEE5E36E18B37F8700BAE47A /* PBXTargetDependency */ = {
			isa = PBXTargetDependency;
			target = EEE5E30918B37DD500BAE47A /* PocketSocket */;
			targetProxy = EEE5E36D18B37F8700BAE47A /* PBXContainerItemProxy */;
		};
/* End PBXTargetDependency section */

/* Begin PBXVariantGroup section */
		EEE5E36718B37F8700BAE47A /* InfoPlist.strings */ = {
			isa = PBXVariantGroup;
			children = (
				EEE5E36818B37F8700BAE47A /* en */,
			);
			name = InfoPlist.strings;
			sourceTree = "<group>";
		};
/* End PBXVariantGroup section */

/* Begin XCBuildConfiguration section */
		275D3AE71B02811E0013B9A9 /* Debug */ = {
			isa = XCBuildConfiguration;
			buildSettings = {
				COMBINE_HIDPI_IMAGES = YES;
				DSTROOT = /tmp/PocketSocket.dst;
				GCC_PRECOMPILE_PREFIX_HEADER = YES;
				GCC_PREFIX_HEADER = "PocketSocket/PocketSocket-Prefix.pch";
				OTHER_LDFLAGS = "-ObjC";
				PRODUCT_NAME = "PocketSocket-Mac";
				SDKROOT = macosx;
				SKIP_INSTALL = YES;
				VALID_ARCHS = x86_64;
			};
			name = Debug;
		};
		275D3AE81B02811E0013B9A9 /* Release */ = {
			isa = XCBuildConfiguration;
			buildSettings = {
				COMBINE_HIDPI_IMAGES = YES;
				DSTROOT = /tmp/PocketSocket.dst;
				GCC_PRECOMPILE_PREFIX_HEADER = YES;
				GCC_PREFIX_HEADER = "PocketSocket/PocketSocket-Prefix.pch";
				OTHER_LDFLAGS = "-ObjC";
				PRODUCT_NAME = "PocketSocket-Mac";
				SDKROOT = macosx;
				SKIP_INSTALL = YES;
				VALID_ARCHS = x86_64;
			};
			name = Release;
		};
		303B282A1C1242BE0003795C /* Debug */ = {
			isa = XCBuildConfiguration;
			buildSettings = {
				CLANG_WARN_UNREACHABLE_CODE = YES;
				"CODE_SIGN_IDENTITY[sdk=iphoneos*]" = "iPhone Developer";
				CURRENT_PROJECT_VERSION = 1;
				DEBUG_INFORMATION_FORMAT = dwarf;
				DEFINES_MODULE = YES;
				DYLIB_COMPATIBILITY_VERSION = 1;
				DYLIB_CURRENT_VERSION = 1;
				DYLIB_INSTALL_NAME_BASE = "@rpath";
				ENABLE_STRICT_OBJC_MSGSEND = YES;
				ENABLE_TESTABILITY = YES;
				GCC_NO_COMMON_BLOCKS = YES;
				GCC_WARN_UNINITIALIZED_AUTOS = YES_AGGRESSIVE;
				INFOPLIST_FILE = "PocketSocket-iOS/Info.plist";
				INSTALL_PATH = "$(LOCAL_LIBRARY_DIR)/Frameworks";
				IPHONEOS_DEPLOYMENT_TARGET = 8.0;
				LD_RUNPATH_SEARCH_PATHS = "$(inherited) @executable_path/Frameworks @loader_path/Frameworks";
				LIBRARY_SEARCH_PATHS = (
					"$(inherited)",
					"$(SDKROOT)/usr/lib/system",
				);
				MTL_ENABLE_DEBUG_INFO = YES;
				ONLY_ACTIVE_ARCH = YES;
				PRODUCT_BUNDLE_IDENTIFIER = "com.zwopple.PocketSocket-iOS";
				PRODUCT_NAME = PocketSocket;
				SKIP_INSTALL = YES;
				TARGETED_DEVICE_FAMILY = "1,2";
				VERSIONING_SYSTEM = "apple-generic";
				VERSION_INFO_PREFIX = "";
			};
			name = Debug;
		};
		303B282B1C1242BE0003795C /* Release */ = {
			isa = XCBuildConfiguration;
			buildSettings = {
				CLANG_WARN_UNREACHABLE_CODE = YES;
				"CODE_SIGN_IDENTITY[sdk=iphoneos*]" = "iPhone Developer";
				COPY_PHASE_STRIP = NO;
				CURRENT_PROJECT_VERSION = 1;
				DEBUG_INFORMATION_FORMAT = "dwarf-with-dsym";
				DEFINES_MODULE = YES;
				DYLIB_COMPATIBILITY_VERSION = 1;
				DYLIB_CURRENT_VERSION = 1;
				DYLIB_INSTALL_NAME_BASE = "@rpath";
				ENABLE_STRICT_OBJC_MSGSEND = YES;
				GCC_NO_COMMON_BLOCKS = YES;
				GCC_WARN_UNINITIALIZED_AUTOS = YES_AGGRESSIVE;
				INFOPLIST_FILE = "PocketSocket-iOS/Info.plist";
				INSTALL_PATH = "$(LOCAL_LIBRARY_DIR)/Frameworks";
				IPHONEOS_DEPLOYMENT_TARGET = 8.0;
				LD_RUNPATH_SEARCH_PATHS = "$(inherited) @executable_path/Frameworks @loader_path/Frameworks";
				LIBRARY_SEARCH_PATHS = (
					"$(inherited)",
					"$(SDKROOT)/usr/lib/system",
				);
				MTL_ENABLE_DEBUG_INFO = NO;
				PRODUCT_BUNDLE_IDENTIFIER = "com.zwopple.PocketSocket-iOS";
				PRODUCT_NAME = PocketSocket;
				SKIP_INSTALL = YES;
				TARGETED_DEVICE_FAMILY = "1,2";
				VERSIONING_SYSTEM = "apple-generic";
				VERSION_INFO_PREFIX = "";
			};
			name = Release;
		};
		303B28381C12433B0003795C /* Debug */ = {
			isa = XCBuildConfiguration;
			buildSettings = {
				CLANG_WARN_UNREACHABLE_CODE = YES;
				"CODE_SIGN_IDENTITY[sdk=iphoneos*]" = "iPhone Developer";
				CURRENT_PROJECT_VERSION = 1;
				DEBUG_INFORMATION_FORMAT = dwarf;
				DEFINES_MODULE = YES;
				DYLIB_COMPATIBILITY_VERSION = 1;
				DYLIB_CURRENT_VERSION = 1;
				DYLIB_INSTALL_NAME_BASE = "@rpath";
				ENABLE_STRICT_OBJC_MSGSEND = YES;
				ENABLE_TESTABILITY = YES;
				GCC_NO_COMMON_BLOCKS = YES;
				GCC_WARN_UNINITIALIZED_AUTOS = YES_AGGRESSIVE;
				INFOPLIST_FILE = "PocketSocket-tvOS/Info.plist";
				INSTALL_PATH = "$(LOCAL_LIBRARY_DIR)/Frameworks";
				IPHONEOS_DEPLOYMENT_TARGET = 9.1;
				LD_RUNPATH_SEARCH_PATHS = "$(inherited) @executable_path/Frameworks @loader_path/Frameworks";
				LIBRARY_SEARCH_PATHS = (
					"$(inherited)",
					"$(SDKROOT)/usr/lib/system",
				);
				MTL_ENABLE_DEBUG_INFO = YES;
				ONLY_ACTIVE_ARCH = YES;
				PRODUCT_BUNDLE_IDENTIFIER = "com.zwopple.PocketSocket-tvOS";
				PRODUCT_NAME = PocketSocket;
				SDKROOT = appletvos;
				SKIP_INSTALL = YES;
				TARGETED_DEVICE_FAMILY = 3;
				VERSIONING_SYSTEM = "apple-generic";
				VERSION_INFO_PREFIX = "";
			};
			name = Debug;
		};
		303B28391C12433B0003795C /* Release */ = {
			isa = XCBuildConfiguration;
			buildSettings = {
				CLANG_WARN_UNREACHABLE_CODE = YES;
				"CODE_SIGN_IDENTITY[sdk=iphoneos*]" = "iPhone Developer";
				COPY_PHASE_STRIP = NO;
				CURRENT_PROJECT_VERSION = 1;
				DEBUG_INFORMATION_FORMAT = "dwarf-with-dsym";
				DEFINES_MODULE = YES;
				DYLIB_COMPATIBILITY_VERSION = 1;
				DYLIB_CURRENT_VERSION = 1;
				DYLIB_INSTALL_NAME_BASE = "@rpath";
				ENABLE_STRICT_OBJC_MSGSEND = YES;
				GCC_NO_COMMON_BLOCKS = YES;
				GCC_WARN_UNINITIALIZED_AUTOS = YES_AGGRESSIVE;
				INFOPLIST_FILE = "PocketSocket-tvOS/Info.plist";
				INSTALL_PATH = "$(LOCAL_LIBRARY_DIR)/Frameworks";
				IPHONEOS_DEPLOYMENT_TARGET = 9.1;
				LD_RUNPATH_SEARCH_PATHS = "$(inherited) @executable_path/Frameworks @loader_path/Frameworks";
				LIBRARY_SEARCH_PATHS = (
					"$(inherited)",
					"$(SDKROOT)/usr/lib/system",
				);
				MTL_ENABLE_DEBUG_INFO = NO;
				PRODUCT_BUNDLE_IDENTIFIER = "com.zwopple.PocketSocket-tvOS";
				PRODUCT_NAME = PocketSocket;
				SDKROOT = appletvos;
				SKIP_INSTALL = YES;
				TARGETED_DEVICE_FAMILY = 3;
				VERSIONING_SYSTEM = "apple-generic";
				VERSION_INFO_PREFIX = "";
			};
			name = Release;
		};
		EEE5E32B18B37DD600BAE47A /* Debug */ = {
			isa = XCBuildConfiguration;
			buildSettings = {
				ALWAYS_SEARCH_USER_PATHS = NO;
				CLANG_CXX_LANGUAGE_STANDARD = "gnu++0x";
				CLANG_CXX_LIBRARY = "libc++";
				CLANG_ENABLE_MODULES = YES;
				CLANG_ENABLE_OBJC_ARC = YES;
				CLANG_WARN_BOOL_CONVERSION = YES;
				CLANG_WARN_CONSTANT_CONVERSION = YES;
				CLANG_WARN_DIRECT_OBJC_ISA_USAGE = YES_ERROR;
				CLANG_WARN_EMPTY_BODY = YES;
				CLANG_WARN_ENUM_CONVERSION = YES;
				CLANG_WARN_INT_CONVERSION = YES;
				CLANG_WARN_OBJC_ROOT_CLASS = YES_ERROR;
				CLANG_WARN__DUPLICATE_METHOD_MATCH = YES;
				COPY_PHASE_STRIP = NO;
				ENABLE_TESTABILITY = YES;
				GCC_C_LANGUAGE_STANDARD = gnu99;
				GCC_DYNAMIC_NO_PIC = NO;
				GCC_OPTIMIZATION_LEVEL = 0;
				GCC_PREPROCESSOR_DEFINITIONS = (
					"DEBUG=1",
					"$(inherited)",
				);
				GCC_SYMBOLS_PRIVATE_EXTERN = NO;
				GCC_WARN_64_TO_32_BIT_CONVERSION = YES;
				GCC_WARN_ABOUT_RETURN_TYPE = YES_ERROR;
				GCC_WARN_UNDECLARED_SELECTOR = YES;
				GCC_WARN_UNINITIALIZED_AUTOS = YES;
				GCC_WARN_UNUSED_FUNCTION = YES;
				GCC_WARN_UNUSED_VARIABLE = YES;
				IPHONEOS_DEPLOYMENT_TARGET = 6.0;
				MACOSX_DEPLOYMENT_TARGET = 10.8;
				ONLY_ACTIVE_ARCH = YES;
				SDKROOT = iphoneos;
			};
			name = Debug;
		};
		EEE5E32C18B37DD600BAE47A /* Release */ = {
			isa = XCBuildConfiguration;
			buildSettings = {
				ALWAYS_SEARCH_USER_PATHS = NO;
				CLANG_CXX_LANGUAGE_STANDARD = "gnu++0x";
				CLANG_CXX_LIBRARY = "libc++";
				CLANG_ENABLE_MODULES = YES;
				CLANG_ENABLE_OBJC_ARC = YES;
				CLANG_WARN_BOOL_CONVERSION = YES;
				CLANG_WARN_CONSTANT_CONVERSION = YES;
				CLANG_WARN_DIRECT_OBJC_ISA_USAGE = YES_ERROR;
				CLANG_WARN_EMPTY_BODY = YES;
				CLANG_WARN_ENUM_CONVERSION = YES;
				CLANG_WARN_INT_CONVERSION = YES;
				CLANG_WARN_OBJC_ROOT_CLASS = YES_ERROR;
				CLANG_WARN__DUPLICATE_METHOD_MATCH = YES;
				COPY_PHASE_STRIP = YES;
				ENABLE_NS_ASSERTIONS = NO;
				GCC_C_LANGUAGE_STANDARD = gnu99;
				GCC_WARN_64_TO_32_BIT_CONVERSION = YES;
				GCC_WARN_ABOUT_RETURN_TYPE = YES_ERROR;
				GCC_WARN_UNDECLARED_SELECTOR = YES;
				GCC_WARN_UNINITIALIZED_AUTOS = YES;
				GCC_WARN_UNUSED_FUNCTION = YES;
				GCC_WARN_UNUSED_VARIABLE = YES;
				IPHONEOS_DEPLOYMENT_TARGET = 6.0;
				MACOSX_DEPLOYMENT_TARGET = 10.8;
				SDKROOT = iphoneos;
				VALIDATE_PRODUCT = YES;
			};
			name = Release;
		};
		EEE5E32E18B37DD600BAE47A /* Debug */ = {
			isa = XCBuildConfiguration;
			buildSettings = {
				DSTROOT = /tmp/PocketSocket.dst;
				GCC_PRECOMPILE_PREFIX_HEADER = YES;
				GCC_PREFIX_HEADER = "PocketSocket/PocketSocket-Prefix.pch";
				OTHER_LDFLAGS = "-ObjC";
				PRODUCT_NAME = "$(TARGET_NAME)";
				SKIP_INSTALL = YES;
			};
			name = Debug;
		};
		EEE5E32F18B37DD600BAE47A /* Release */ = {
			isa = XCBuildConfiguration;
			buildSettings = {
				DSTROOT = /tmp/PocketSocket.dst;
				GCC_PRECOMPILE_PREFIX_HEADER = YES;
				GCC_PREFIX_HEADER = "PocketSocket/PocketSocket-Prefix.pch";
				OTHER_LDFLAGS = "-ObjC";
				PRODUCT_NAME = "$(TARGET_NAME)";
				SKIP_INSTALL = YES;
			};
			name = Release;
		};
		EEE5E37018B37F8700BAE47A /* Debug */ = {
			isa = XCBuildConfiguration;
			buildSettings = {
				FRAMEWORK_SEARCH_PATHS = (
					"$(SDKROOT)/Developer/Library/Frameworks",
					"$(inherited)",
					"$(DEVELOPER_FRAMEWORKS_DIR)",
				);
				GCC_PRECOMPILE_PREFIX_HEADER = YES;
				GCC_PREFIX_HEADER = "PSAutobahnClientTests/PSAutobahnClientTests-Prefix.pch";
				GCC_PREPROCESSOR_DEFINITIONS = (
					"DEBUG=1",
					"$(inherited)",
				);
				INFOPLIST_FILE = "PSAutobahnClientTests/PSAutobahnClientTests-Info.plist";
				LIBRARY_SEARCH_PATHS = (
					"$(inherited)",
					"$(SDKROOT)/usr/lib/system",
				);
				PRODUCT_BUNDLE_IDENTIFIER = "com.zwopple.${PRODUCT_NAME:rfc1034identifier}";
				PRODUCT_NAME = "$(TARGET_NAME)";
				WRAPPER_EXTENSION = xctest;
			};
			name = Debug;
		};
		EEE5E37118B37F8700BAE47A /* Release */ = {
			isa = XCBuildConfiguration;
			buildSettings = {
				FRAMEWORK_SEARCH_PATHS = (
					"$(SDKROOT)/Developer/Library/Frameworks",
					"$(inherited)",
					"$(DEVELOPER_FRAMEWORKS_DIR)",
				);
				GCC_PRECOMPILE_PREFIX_HEADER = YES;
				GCC_PREFIX_HEADER = "PSAutobahnClientTests/PSAutobahnClientTests-Prefix.pch";
				INFOPLIST_FILE = "PSAutobahnClientTests/PSAutobahnClientTests-Info.plist";
				LIBRARY_SEARCH_PATHS = (
					"$(inherited)",
					"$(SDKROOT)/usr/lib/system",
				);
				PRODUCT_BUNDLE_IDENTIFIER = "com.zwopple.${PRODUCT_NAME:rfc1034identifier}";
				PRODUCT_NAME = "$(TARGET_NAME)";
				WRAPPER_EXTENSION = xctest;
			};
			name = Release;
		};
/* End XCBuildConfiguration section */

/* Begin XCConfigurationList section */
		275D3AE61B02811E0013B9A9 /* Build configuration list for PBXNativeTarget "PocketSocket-Mac" */ = {
			isa = XCConfigurationList;
			buildConfigurations = (
				275D3AE71B02811E0013B9A9 /* Debug */,
				275D3AE81B02811E0013B9A9 /* Release */,
			);
			defaultConfigurationIsVisible = 0;
			defaultConfigurationName = Release;
		};
		303B282C1C1242BE0003795C /* Build configuration list for PBXNativeTarget "PocketSocket-iOS" */ = {
			isa = XCConfigurationList;
			buildConfigurations = (
				303B282A1C1242BE0003795C /* Debug */,
				303B282B1C1242BE0003795C /* Release */,
			);
			defaultConfigurationIsVisible = 0;
			defaultConfigurationName = Release;
		};
		303B28371C12433B0003795C /* Build configuration list for PBXNativeTarget "PocketSocket-tvOS" */ = {
			isa = XCConfigurationList;
			buildConfigurations = (
				303B28381C12433B0003795C /* Debug */,
				303B28391C12433B0003795C /* Release */,
			);
			defaultConfigurationIsVisible = 0;
			defaultConfigurationName = Release;
		};
		EEE5E30518B37DD500BAE47A /* Build configuration list for PBXProject "PocketSocket" */ = {
			isa = XCConfigurationList;
			buildConfigurations = (
				EEE5E32B18B37DD600BAE47A /* Debug */,
				EEE5E32C18B37DD600BAE47A /* Release */,
			);
			defaultConfigurationIsVisible = 0;
			defaultConfigurationName = Release;
		};
		EEE5E32D18B37DD600BAE47A /* Build configuration list for PBXNativeTarget "PocketSocket" */ = {
			isa = XCConfigurationList;
			buildConfigurations = (
				EEE5E32E18B37DD600BAE47A /* Debug */,
				EEE5E32F18B37DD600BAE47A /* Release */,
			);
			defaultConfigurationIsVisible = 0;
			defaultConfigurationName = Release;
		};
		EEE5E36F18B37F8700BAE47A /* Build configuration list for PBXNativeTarget "PSAutobahnClientTests" */ = {
			isa = XCConfigurationList;
			buildConfigurations = (
				EEE5E37018B37F8700BAE47A /* Debug */,
				EEE5E37118B37F8700BAE47A /* Release */,
			);
			defaultConfigurationIsVisible = 0;
			defaultConfigurationName = Release;
		};
/* End XCConfigurationList section */
	};
	rootObject = EEE5E30218B37DD500BAE47A /* Project object */;
}
